// !$*UTF8*$!
{
	archiveVersion = 1;
	classes = {
	};
	objectVersion = 56;
	objects = {

/* Begin PBXBuildFile section */
		0F757399292F90C100CE97FE /* ListItemView.swift in Sources */ = {isa = PBXBuildFile; fileRef = 0F757398292F90C100CE97FE /* ListItemView.swift */; };
		0F75739D292FA4CB00CE97FE /* ListPlaceItemView.swift in Sources */ = {isa = PBXBuildFile; fileRef = 0F75739C292FA4CB00CE97FE /* ListPlaceItemView.swift */; };
		6961FD5A292A3B8300814BCA /* UsefulMapApp.swift in Sources */ = {isa = PBXBuildFile; fileRef = 6961FD59292A3B8300814BCA /* UsefulMapApp.swift */; };
		6961FD61292A3B8500814BCA /* Preview Assets.xcassets in Resources */ = {isa = PBXBuildFile; fileRef = 6961FD60292A3B8500814BCA /* Preview Assets.xcassets */; };
		69685A06292D1FC000694EF5 /* CoordinatorProtocol.swift in Sources */ = {isa = PBXBuildFile; fileRef = 69685A04292D1FC000694EF5 /* CoordinatorProtocol.swift */; };
		69685A07292D1FC000694EF5 /* Coordinator.swift in Sources */ = {isa = PBXBuildFile; fileRef = 69685A05292D1FC000694EF5 /* Coordinator.swift */; };
		69685A0F292D200D00694EF5 /* LoginViewModel.swift in Sources */ = {isa = PBXBuildFile; fileRef = 69685A0A292D200D00694EF5 /* LoginViewModel.swift */; };
		69685A10292D200D00694EF5 /* AboutAppViewModel.swift in Sources */ = {isa = PBXBuildFile; fileRef = 69685A0B292D200D00694EF5 /* AboutAppViewModel.swift */; };
		69685A11292D200D00694EF5 /* LaunchViewModel.swift in Sources */ = {isa = PBXBuildFile; fileRef = 69685A0C292D200D00694EF5 /* LaunchViewModel.swift */; };
		69685A12292D200D00694EF5 /* AppinfoViewModel.swift in Sources */ = {isa = PBXBuildFile; fileRef = 69685A0D292D200D00694EF5 /* AppinfoViewModel.swift */; };
		69685A13292D200D00694EF5 /* GlobalProperties.swift in Sources */ = {isa = PBXBuildFile; fileRef = 69685A0E292D200D00694EF5 /* GlobalProperties.swift */; };
		69685A1A292D202100694EF5 /* LogoSubView.swift in Sources */ = {isa = PBXBuildFile; fileRef = 69685A16292D202100694EF5 /* LogoSubView.swift */; };
		69685A1E292D221800694EF5 /* Assets.xcassets in Resources */ = {isa = PBXBuildFile; fileRef = 6961FD5D292A3B8500814BCA /* Assets.xcassets */; };
		69685A852930BE7500694EF5 /* LoginResult.swift in Sources */ = {isa = PBXBuildFile; fileRef = 69685A782930BE7500694EF5 /* LoginResult.swift */; };
		69685A862930BE7500694EF5 /* PlacesRadList.swift in Sources */ = {isa = PBXBuildFile; fileRef = 69685A792930BE7500694EF5 /* PlacesRadList.swift */; };
		69685A872930BE7500694EF5 /* PlacesList.swift in Sources */ = {isa = PBXBuildFile; fileRef = 69685A7A2930BE7500694EF5 /* PlacesList.swift */; };
		69685A882930BE7500694EF5 /* AddCommentResult.swift in Sources */ = {isa = PBXBuildFile; fileRef = 69685A7B2930BE7500694EF5 /* AddCommentResult.swift */; };
		69685A892930BE7500694EF5 /* CitiesList.swift in Sources */ = {isa = PBXBuildFile; fileRef = 69685A7C2930BE7500694EF5 /* CitiesList.swift */; };
		69685A8A2930BE7500694EF5 /* LikeCommentResult.swift in Sources */ = {isa = PBXBuildFile; fileRef = 69685A7D2930BE7500694EF5 /* LikeCommentResult.swift */; };
		69685A8B2930BE7500694EF5 /* CountriesList.swift in Sources */ = {isa = PBXBuildFile; fileRef = 69685A7E2930BE7500694EF5 /* CountriesList.swift */; };
		69685A8C2930BE7500694EF5 /* LikeLocationResult.swift in Sources */ = {isa = PBXBuildFile; fileRef = 69685A7F2930BE7500694EF5 /* LikeLocationResult.swift */; };
		69685A8D2930BE7500694EF5 /* FetchError.swift in Sources */ = {isa = PBXBuildFile; fileRef = 69685A802930BE7500694EF5 /* FetchError.swift */; };
		69685A8E2930BE7500694EF5 /* LocationInfo.swift in Sources */ = {isa = PBXBuildFile; fileRef = 69685A812930BE7500694EF5 /* LocationInfo.swift */; };
		69685A8F2930BE7500694EF5 /* RegistrationResult.swift in Sources */ = {isa = PBXBuildFile; fileRef = 69685A822930BE7500694EF5 /* RegistrationResult.swift */; };
		69685A902930BE7500694EF5 /* NetworkServices.swift in Sources */ = {isa = PBXBuildFile; fileRef = 69685A842930BE7500694EF5 /* NetworkServices.swift */; };
/* End PBXBuildFile section */

/* Begin PBXFileReference section */
		0F757398292F90C100CE97FE /* ListItemView.swift */ = {isa = PBXFileReference; lastKnownFileType = sourcecode.swift; path = ListItemView.swift; sourceTree = "<group>"; };
		0F75739C292FA4CB00CE97FE /* ListPlaceItemView.swift */ = {isa = PBXFileReference; lastKnownFileType = sourcecode.swift; path = ListPlaceItemView.swift; sourceTree = "<group>"; };
		6961FD56292A3B8300814BCA /* UsefulMap.app */ = {isa = PBXFileReference; explicitFileType = wrapper.application; includeInIndex = 0; path = UsefulMap.app; sourceTree = BUILT_PRODUCTS_DIR; };
		6961FD59292A3B8300814BCA /* UsefulMapApp.swift */ = {isa = PBXFileReference; lastKnownFileType = sourcecode.swift; path = UsefulMapApp.swift; sourceTree = "<group>"; };
		6961FD5D292A3B8500814BCA /* Assets.xcassets */ = {isa = PBXFileReference; lastKnownFileType = folder.assetcatalog; path = Assets.xcassets; sourceTree = "<group>"; };
		6961FD60292A3B8500814BCA /* Preview Assets.xcassets */ = {isa = PBXFileReference; lastKnownFileType = folder.assetcatalog; path = "Preview Assets.xcassets"; sourceTree = "<group>"; };
		696859F9292B9E6600694EF5 /* Info.plist */ = {isa = PBXFileReference; lastKnownFileType = text.plist.xml; path = Info.plist; sourceTree = "<group>"; };
		69685A04292D1FC000694EF5 /* CoordinatorProtocol.swift */ = {isa = PBXFileReference; fileEncoding = 4; lastKnownFileType = sourcecode.swift; path = CoordinatorProtocol.swift; sourceTree = "<group>"; };
		69685A05292D1FC000694EF5 /* Coordinator.swift */ = {isa = PBXFileReference; fileEncoding = 4; lastKnownFileType = sourcecode.swift; path = Coordinator.swift; sourceTree = "<group>"; };
		69685A0A292D200D00694EF5 /* LoginViewModel.swift */ = {isa = PBXFileReference; fileEncoding = 4; lastKnownFileType = sourcecode.swift; path = LoginViewModel.swift; sourceTree = "<group>"; };
		69685A0B292D200D00694EF5 /* AboutAppViewModel.swift */ = {isa = PBXFileReference; fileEncoding = 4; lastKnownFileType = sourcecode.swift; path = AboutAppViewModel.swift; sourceTree = "<group>"; };
		69685A0C292D200D00694EF5 /* LaunchViewModel.swift */ = {isa = PBXFileReference; fileEncoding = 4; lastKnownFileType = sourcecode.swift; path = LaunchViewModel.swift; sourceTree = "<group>"; };
		69685A0D292D200D00694EF5 /* AppinfoViewModel.swift */ = {isa = PBXFileReference; fileEncoding = 4; lastKnownFileType = sourcecode.swift; path = AppinfoViewModel.swift; sourceTree = "<group>"; };
		69685A0E292D200D00694EF5 /* GlobalProperties.swift */ = {isa = PBXFileReference; fileEncoding = 4; lastKnownFileType = sourcecode.swift; path = GlobalProperties.swift; sourceTree = "<group>"; };
		69685A16292D202100694EF5 /* LogoSubView.swift */ = {isa = PBXFileReference; fileEncoding = 4; lastKnownFileType = sourcecode.swift; path = LogoSubView.swift; sourceTree = "<group>"; };
		69685A782930BE7500694EF5 /* LoginResult.swift */ = {isa = PBXFileReference; fileEncoding = 4; lastKnownFileType = sourcecode.swift; path = LoginResult.swift; sourceTree = "<group>"; };
		69685A792930BE7500694EF5 /* PlacesRadList.swift */ = {isa = PBXFileReference; fileEncoding = 4; lastKnownFileType = sourcecode.swift; path = PlacesRadList.swift; sourceTree = "<group>"; };
		69685A7A2930BE7500694EF5 /* PlacesList.swift */ = {isa = PBXFileReference; fileEncoding = 4; lastKnownFileType = sourcecode.swift; path = PlacesList.swift; sourceTree = "<group>"; };
		69685A7B2930BE7500694EF5 /* AddCommentResult.swift */ = {isa = PBXFileReference; fileEncoding = 4; lastKnownFileType = sourcecode.swift; path = AddCommentResult.swift; sourceTree = "<group>"; };
		69685A7C2930BE7500694EF5 /* CitiesList.swift */ = {isa = PBXFileReference; fileEncoding = 4; lastKnownFileType = sourcecode.swift; path = CitiesList.swift; sourceTree = "<group>"; };
		69685A7D2930BE7500694EF5 /* LikeCommentResult.swift */ = {isa = PBXFileReference; fileEncoding = 4; lastKnownFileType = sourcecode.swift; path = LikeCommentResult.swift; sourceTree = "<group>"; };
		69685A7E2930BE7500694EF5 /* CountriesList.swift */ = {isa = PBXFileReference; fileEncoding = 4; lastKnownFileType = sourcecode.swift; path = CountriesList.swift; sourceTree = "<group>"; };
		69685A7F2930BE7500694EF5 /* LikeLocationResult.swift */ = {isa = PBXFileReference; fileEncoding = 4; lastKnownFileType = sourcecode.swift; path = LikeLocationResult.swift; sourceTree = "<group>"; };
		69685A802930BE7500694EF5 /* FetchError.swift */ = {isa = PBXFileReference; fileEncoding = 4; lastKnownFileType = sourcecode.swift; path = FetchError.swift; sourceTree = "<group>"; };
		69685A812930BE7500694EF5 /* LocationInfo.swift */ = {isa = PBXFileReference; fileEncoding = 4; lastKnownFileType = sourcecode.swift; path = LocationInfo.swift; sourceTree = "<group>"; };
		69685A822930BE7500694EF5 /* RegistrationResult.swift */ = {isa = PBXFileReference; fileEncoding = 4; lastKnownFileType = sourcecode.swift; path = RegistrationResult.swift; sourceTree = "<group>"; };
		69685A842930BE7500694EF5 /* NetworkServices.swift */ = {isa = PBXFileReference; fileEncoding = 4; lastKnownFileType = sourcecode.swift; path = NetworkServices.swift; sourceTree = "<group>"; };
/* End PBXFileReference section */

/* Begin PBXFrameworksBuildPhase section */
		6961FD53292A3B8300814BCA /* Frameworks */ = {
			isa = PBXFrameworksBuildPhase;
			buildActionMask = 2147483647;
			files = (
			);
			runOnlyForDeploymentPostprocessing = 0;
		};
/* End PBXFrameworksBuildPhase section */

/* Begin PBXGroup section */
		0F0F1FA629352925006F9901 /* Recovered References */ = {
			isa = PBXGroup;
			children = (
			);
			name = "Recovered References";
			sourceTree = "<group>";
		};
		6961FD4D292A3B8300814BCA = {
			isa = PBXGroup;
			children = (
				6961FD58292A3B8300814BCA /* UsefulMap */,
				6961FD57292A3B8300814BCA /* Products */,
				0F0F1FA629352925006F9901 /* Recovered References */,
			);
			sourceTree = "<group>";
		};
		6961FD57292A3B8300814BCA /* Products */ = {
			isa = PBXGroup;
			children = (
				6961FD56292A3B8300814BCA /* UsefulMap.app */,
			);
			name = Products;
			sourceTree = "<group>";
		};
		6961FD58292A3B8300814BCA /* UsefulMap */ = {
			isa = PBXGroup;
			children = (
				696859F9292B9E6600694EF5 /* Info.plist */,
				69685A832930BE7500694EF5 /* NetworkLayer */,
				69685A772930BE7500694EF5 /* NetworkLayerModels */,
				69685A14292D202100694EF5 /* Views */,
				69685A08292D200D00694EF5 /* Models */,
				69685A03292D1FC000694EF5 /* Coordinator */,
				6961FD59292A3B8300814BCA /* UsefulMapApp.swift */,
				6961FD5D292A3B8500814BCA /* Assets.xcassets */,
				6961FD5F292A3B8500814BCA /* Preview Content */,
			);
			path = UsefulMap;
			sourceTree = "<group>";
		};
		6961FD5F292A3B8500814BCA /* Preview Content */ = {
			isa = PBXGroup;
			children = (
				6961FD60292A3B8500814BCA /* Preview Assets.xcassets */,
			);
			path = "Preview Content";
			sourceTree = "<group>";
		};
		69685A03292D1FC000694EF5 /* Coordinator */ = {
			isa = PBXGroup;
			children = (
				69685A04292D1FC000694EF5 /* CoordinatorProtocol.swift */,
				69685A05292D1FC000694EF5 /* Coordinator.swift */,
			);
			path = Coordinator;
			sourceTree = "<group>";
		};
		69685A08292D200D00694EF5 /* Models */ = {
			isa = PBXGroup;
			children = (
				69685A09292D200D00694EF5 /* ViewModels */,
				69685A0D292D200D00694EF5 /* AppinfoViewModel.swift */,
				69685A0E292D200D00694EF5 /* GlobalProperties.swift */,
			);
			path = Models;
			sourceTree = "<group>";
		};
		69685A09292D200D00694EF5 /* ViewModels */ = {
			isa = PBXGroup;
			children = (
				69685A0A292D200D00694EF5 /* LoginViewModel.swift */,
				69685A0B292D200D00694EF5 /* AboutAppViewModel.swift */,
				69685A0C292D200D00694EF5 /* LaunchViewModel.swift */,
			);
			path = ViewModels;
			sourceTree = "<group>";
		};
		69685A14292D202100694EF5 /* Views */ = {
			isa = PBXGroup;
			children = (
				69685A15292D202100694EF5 /* AdditionalViews */,
			);
			path = Views;
			sourceTree = "<group>";
		};
		69685A15292D202100694EF5 /* AdditionalViews */ = {
			isa = PBXGroup;
			children = (
				69685A16292D202100694EF5 /* LogoSubView.swift */,
				0F757398292F90C100CE97FE /* ListItemView.swift */,
				0F75739C292FA4CB00CE97FE /* ListPlaceItemView.swift */,
			);
			path = AdditionalViews;
			sourceTree = "<group>";
		};
		69685A772930BE7500694EF5 /* NetworkLayerModels */ = {
			isa = PBXGroup;
			children = (
				69685A782930BE7500694EF5 /* LoginResult.swift */,
				69685A792930BE7500694EF5 /* PlacesRadList.swift */,
				69685A7A2930BE7500694EF5 /* PlacesList.swift */,
				69685A7B2930BE7500694EF5 /* AddCommentResult.swift */,
				69685A7C2930BE7500694EF5 /* CitiesList.swift */,
				69685A7D2930BE7500694EF5 /* LikeCommentResult.swift */,
				69685A7E2930BE7500694EF5 /* CountriesList.swift */,
				69685A7F2930BE7500694EF5 /* LikeLocationResult.swift */,
				69685A802930BE7500694EF5 /* FetchError.swift */,
				69685A812930BE7500694EF5 /* LocationInfo.swift */,
				69685A822930BE7500694EF5 /* RegistrationResult.swift */,
			);
			path = NetworkLayerModels;
			sourceTree = "<group>";
		};
		69685A832930BE7500694EF5 /* NetworkLayer */ = {
			isa = PBXGroup;
			children = (
				69685A842930BE7500694EF5 /* NetworkServices.swift */,
			);
			path = NetworkLayer;
			sourceTree = "<group>";
		};
/* End PBXGroup section */

/* Begin PBXNativeTarget section */
		6961FD55292A3B8300814BCA /* UsefulMap */ = {
			isa = PBXNativeTarget;
			buildConfigurationList = 6961FD64292A3B8500814BCA /* Build configuration list for PBXNativeTarget "UsefulMap" */;
			buildPhases = (
				6961FD52292A3B8300814BCA /* Sources */,
				6961FD53292A3B8300814BCA /* Frameworks */,
				6961FD54292A3B8300814BCA /* Resources */,
			);
			buildRules = (
			);
			dependencies = (
			);
			name = UsefulMap;
			productName = UsefulMap;
			productReference = 6961FD56292A3B8300814BCA /* UsefulMap.app */;
			productType = "com.apple.product-type.application";
		};
/* End PBXNativeTarget section */

/* Begin PBXProject section */
		6961FD4E292A3B8300814BCA /* Project object */ = {
			isa = PBXProject;
			attributes = {
				BuildIndependentTargetsInParallel = 1;
				LastSwiftUpdateCheck = 1410;
				LastUpgradeCheck = 1410;
				TargetAttributes = {
					6961FD55292A3B8300814BCA = {
						CreatedOnToolsVersion = 14.1;
					};
				};
			};
			buildConfigurationList = 6961FD51292A3B8300814BCA /* Build configuration list for PBXProject "UsefulMap" */;
			compatibilityVersion = "Xcode 14.0";
			developmentRegion = en;
			hasScannedForEncodings = 0;
			knownRegions = (
				en,
				Base,
			);
			mainGroup = 6961FD4D292A3B8300814BCA;
			productRefGroup = 6961FD57292A3B8300814BCA /* Products */;
			projectDirPath = "";
			projectRoot = "";
			targets = (
				6961FD55292A3B8300814BCA /* UsefulMap */,
			);
		};
/* End PBXProject section */

/* Begin PBXResourcesBuildPhase section */
		6961FD54292A3B8300814BCA /* Resources */ = {
			isa = PBXResourcesBuildPhase;
			buildActionMask = 2147483647;
			files = (
				69685A1E292D221800694EF5 /* Assets.xcassets in Resources */,
				6961FD61292A3B8500814BCA /* Preview Assets.xcassets in Resources */,
			);
			runOnlyForDeploymentPostprocessing = 0;
		};
/* End PBXResourcesBuildPhase section */

/* Begin PBXSourcesBuildPhase section */
		6961FD52292A3B8300814BCA /* Sources */ = {
			isa = PBXSourcesBuildPhase;
			buildActionMask = 2147483647;
			files = (
				69685A892930BE7500694EF5 /* CitiesList.swift in Sources */,
				69685A8D2930BE7500694EF5 /* FetchError.swift in Sources */,
				0F757399292F90C100CE97FE /* ListItemView.swift in Sources */,
				69685A13292D200D00694EF5 /* GlobalProperties.swift in Sources */,
				69685A12292D200D00694EF5 /* AppinfoViewModel.swift in Sources */,
				69685A10292D200D00694EF5 /* AboutAppViewModel.swift in Sources */,
				69685A872930BE7500694EF5 /* PlacesList.swift in Sources */,
				69685A07292D1FC000694EF5 /* Coordinator.swift in Sources */,
				69685A1A292D202100694EF5 /* LogoSubView.swift in Sources */,
				69685A06292D1FC000694EF5 /* CoordinatorProtocol.swift in Sources */,
				69685A862930BE7500694EF5 /* PlacesRadList.swift in Sources */,
				69685A8C2930BE7500694EF5 /* LikeLocationResult.swift in Sources */,
				69685A902930BE7500694EF5 /* NetworkServices.swift in Sources */,
				0F75739D292FA4CB00CE97FE /* ListPlaceItemView.swift in Sources */,
				6961FD5A292A3B8300814BCA /* UsefulMapApp.swift in Sources */,
				69685A8F2930BE7500694EF5 /* RegistrationResult.swift in Sources */,
				69685A882930BE7500694EF5 /* AddCommentResult.swift in Sources */,
				69685A8E2930BE7500694EF5 /* LocationInfo.swift in Sources */,
				69685A852930BE7500694EF5 /* LoginResult.swift in Sources */,
				69685A8A2930BE7500694EF5 /* LikeCommentResult.swift in Sources */,
				69685A0F292D200D00694EF5 /* LoginViewModel.swift in Sources */,
				69685A11292D200D00694EF5 /* LaunchViewModel.swift in Sources */,
				69685A8B2930BE7500694EF5 /* CountriesList.swift in Sources */,
			);
			runOnlyForDeploymentPostprocessing = 0;
		};
/* End PBXSourcesBuildPhase section */

/* Begin XCBuildConfiguration section */
		6961FD62292A3B8500814BCA /* Debug */ = {
			isa = XCBuildConfiguration;
			buildSettings = {
				ALWAYS_SEARCH_USER_PATHS = NO;
				CLANG_ANALYZER_NONNULL = YES;
				CLANG_ANALYZER_NUMBER_OBJECT_CONVERSION = YES_AGGRESSIVE;
				CLANG_CXX_LANGUAGE_STANDARD = "gnu++20";
				CLANG_ENABLE_MODULES = YES;
				CLANG_ENABLE_OBJC_ARC = YES;
				CLANG_ENABLE_OBJC_WEAK = YES;
				CLANG_WARN_BLOCK_CAPTURE_AUTORELEASING = YES;
				CLANG_WARN_BOOL_CONVERSION = YES;
				CLANG_WARN_COMMA = YES;
				CLANG_WARN_CONSTANT_CONVERSION = YES;
				CLANG_WARN_DEPRECATED_OBJC_IMPLEMENTATIONS = YES;
				CLANG_WARN_DIRECT_OBJC_ISA_USAGE = YES_ERROR;
				CLANG_WARN_DOCUMENTATION_COMMENTS = YES;
				CLANG_WARN_EMPTY_BODY = YES;
				CLANG_WARN_ENUM_CONVERSION = YES;
				CLANG_WARN_INFINITE_RECURSION = YES;
				CLANG_WARN_INT_CONVERSION = YES;
				CLANG_WARN_NON_LITERAL_NULL_CONVERSION = YES;
				CLANG_WARN_OBJC_IMPLICIT_RETAIN_SELF = YES;
				CLANG_WARN_OBJC_LITERAL_CONVERSION = YES;
				CLANG_WARN_OBJC_ROOT_CLASS = YES_ERROR;
				CLANG_WARN_QUOTED_INCLUDE_IN_FRAMEWORK_HEADER = YES;
				CLANG_WARN_RANGE_LOOP_ANALYSIS = YES;
				CLANG_WARN_STRICT_PROTOTYPES = YES;
				CLANG_WARN_SUSPICIOUS_MOVE = YES;
				CLANG_WARN_UNGUARDED_AVAILABILITY = YES_AGGRESSIVE;
				CLANG_WARN_UNREACHABLE_CODE = YES;
				CLANG_WARN__DUPLICATE_METHOD_MATCH = YES;
				COPY_PHASE_STRIP = NO;
				DEBUG_INFORMATION_FORMAT = dwarf;
				ENABLE_STRICT_OBJC_MSGSEND = YES;
				ENABLE_TESTABILITY = YES;
				GCC_C_LANGUAGE_STANDARD = gnu11;
				GCC_DYNAMIC_NO_PIC = NO;
				GCC_NO_COMMON_BLOCKS = YES;
				GCC_OPTIMIZATION_LEVEL = 0;
				GCC_PREPROCESSOR_DEFINITIONS = (
					"DEBUG=1",
					"$(inherited)",
				);
				GCC_WARN_64_TO_32_BIT_CONVERSION = YES;
				GCC_WARN_ABOUT_RETURN_TYPE = YES_ERROR;
				GCC_WARN_UNDECLARED_SELECTOR = YES;
				GCC_WARN_UNINITIALIZED_AUTOS = YES_AGGRESSIVE;
				GCC_WARN_UNUSED_FUNCTION = YES;
				GCC_WARN_UNUSED_VARIABLE = YES;
				IPHONEOS_DEPLOYMENT_TARGET = 16.1;
				MTL_ENABLE_DEBUG_INFO = INCLUDE_SOURCE;
				MTL_FAST_MATH = YES;
				ONLY_ACTIVE_ARCH = YES;
				SDKROOT = iphoneos;
				SWIFT_ACTIVE_COMPILATION_CONDITIONS = DEBUG;
				SWIFT_OPTIMIZATION_LEVEL = "-Onone";
			};
			name = Debug;
		};
		6961FD63292A3B8500814BCA /* Release */ = {
			isa = XCBuildConfiguration;
			buildSettings = {
				ALWAYS_SEARCH_USER_PATHS = NO;
				CLANG_ANALYZER_NONNULL = YES;
				CLANG_ANALYZER_NUMBER_OBJECT_CONVERSION = YES_AGGRESSIVE;
				CLANG_CXX_LANGUAGE_STANDARD = "gnu++20";
				CLANG_ENABLE_MODULES = YES;
				CLANG_ENABLE_OBJC_ARC = YES;
				CLANG_ENABLE_OBJC_WEAK = YES;
				CLANG_WARN_BLOCK_CAPTURE_AUTORELEASING = YES;
				CLANG_WARN_BOOL_CONVERSION = YES;
				CLANG_WARN_COMMA = YES;
				CLANG_WARN_CONSTANT_CONVERSION = YES;
				CLANG_WARN_DEPRECATED_OBJC_IMPLEMENTATIONS = YES;
				CLANG_WARN_DIRECT_OBJC_ISA_USAGE = YES_ERROR;
				CLANG_WARN_DOCUMENTATION_COMMENTS = YES;
				CLANG_WARN_EMPTY_BODY = YES;
				CLANG_WARN_ENUM_CONVERSION = YES;
				CLANG_WARN_INFINITE_RECURSION = YES;
				CLANG_WARN_INT_CONVERSION = YES;
				CLANG_WARN_NON_LITERAL_NULL_CONVERSION = YES;
				CLANG_WARN_OBJC_IMPLICIT_RETAIN_SELF = YES;
				CLANG_WARN_OBJC_LITERAL_CONVERSION = YES;
				CLANG_WARN_OBJC_ROOT_CLASS = YES_ERROR;
				CLANG_WARN_QUOTED_INCLUDE_IN_FRAMEWORK_HEADER = YES;
				CLANG_WARN_RANGE_LOOP_ANALYSIS = YES;
				CLANG_WARN_STRICT_PROTOTYPES = YES;
				CLANG_WARN_SUSPICIOUS_MOVE = YES;
				CLANG_WARN_UNGUARDED_AVAILABILITY = YES_AGGRESSIVE;
				CLANG_WARN_UNREACHABLE_CODE = YES;
				CLANG_WARN__DUPLICATE_METHOD_MATCH = YES;
				COPY_PHASE_STRIP = NO;
				DEBUG_INFORMATION_FORMAT = "dwarf-with-dsym";
				ENABLE_NS_ASSERTIONS = NO;
				ENABLE_STRICT_OBJC_MSGSEND = YES;
				GCC_C_LANGUAGE_STANDARD = gnu11;
				GCC_NO_COMMON_BLOCKS = YES;
				GCC_WARN_64_TO_32_BIT_CONVERSION = YES;
				GCC_WARN_ABOUT_RETURN_TYPE = YES_ERROR;
				GCC_WARN_UNDECLARED_SELECTOR = YES;
				GCC_WARN_UNINITIALIZED_AUTOS = YES_AGGRESSIVE;
				GCC_WARN_UNUSED_FUNCTION = YES;
				GCC_WARN_UNUSED_VARIABLE = YES;
				IPHONEOS_DEPLOYMENT_TARGET = 16.1;
				MTL_ENABLE_DEBUG_INFO = NO;
				MTL_FAST_MATH = YES;
				SDKROOT = iphoneos;
				SWIFT_COMPILATION_MODE = wholemodule;
				SWIFT_OPTIMIZATION_LEVEL = "-O";
				VALIDATE_PRODUCT = YES;
			};
			name = Release;
		};
		6961FD65292A3B8500814BCA /* Debug */ = {
			isa = XCBuildConfiguration;
			buildSettings = {
				ASSETCATALOG_COMPILER_APPICON_NAME = AppIcon;
				ASSETCATALOG_COMPILER_GLOBAL_ACCENT_COLOR_NAME = AccentColor;
				CODE_SIGN_STYLE = Automatic;
				CURRENT_PROJECT_VERSION = 1;
				DEVELOPMENT_ASSET_PATHS = "\"UsefulMap/Preview Content\"";
				DEVELOPMENT_TEAM = 83B86ZJ7T7;
				ENABLE_PREVIEWS = YES;
				GENERATE_INFOPLIST_FILE = YES;
				INFOPLIST_FILE = UsefulMap/Info.plist;
				INFOPLIST_KEY_UIApplicationSupportsIndirectInputEvents = YES;
				INFOPLIST_KEY_UILaunchScreen_Generation = YES;
				INFOPLIST_KEY_UISupportedInterfaceOrientations_iPad = "UIInterfaceOrientationPortrait UIInterfaceOrientationPortraitUpsideDown UIInterfaceOrientationLandscapeLeft UIInterfaceOrientationLandscapeRight";
				INFOPLIST_KEY_UISupportedInterfaceOrientations_iPhone = "UIInterfaceOrientationPortrait UIInterfaceOrientationLandscapeLeft UIInterfaceOrientationLandscapeRight";
				LD_RUNPATH_SEARCH_PATHS = (
					"$(inherited)",
					"@executable_path/Frameworks",
				);
				MARKETING_VERSION = 1.0;
				PRODUCT_BUNDLE_IDENTIFIER = study.UsefulMap;
				PRODUCT_NAME = "$(TARGET_NAME)";
				SWIFT_EMIT_LOC_STRINGS = YES;
				SWIFT_VERSION = 5.0;
				TARGETED_DEVICE_FAMILY = "1,2";
			};
			name = Debug;
		};
		6961FD66292A3B8500814BCA /* Release */ = {
			isa = XCBuildConfiguration;
			buildSettings = {
				ASSETCATALOG_COMPILER_APPICON_NAME = AppIcon;
				ASSETCATALOG_COMPILER_GLOBAL_ACCENT_COLOR_NAME = AccentColor;
				CODE_SIGN_STYLE = Automatic;
				CURRENT_PROJECT_VERSION = 1;
				DEVELOPMENT_ASSET_PATHS = "\"UsefulMap/Preview Content\"";
				DEVELOPMENT_TEAM = 83B86ZJ7T7;
				ENABLE_PREVIEWS = YES;
				GENERATE_INFOPLIST_FILE = YES;
				INFOPLIST_FILE = UsefulMap/Info.plist;
				INFOPLIST_KEY_UIApplicationSupportsIndirectInputEvents = YES;
				INFOPLIST_KEY_UILaunchScreen_Generation = YES;
				INFOPLIST_KEY_UISupportedInterfaceOrientations_iPad = "UIInterfaceOrientationPortrait UIInterfaceOrientationPortraitUpsideDown UIInterfaceOrientationLandscapeLeft UIInterfaceOrientationLandscapeRight";
				INFOPLIST_KEY_UISupportedInterfaceOrientations_iPhone = "UIInterfaceOrientationPortrait UIInterfaceOrientationLandscapeLeft UIInterfaceOrientationLandscapeRight";
				LD_RUNPATH_SEARCH_PATHS = (
					"$(inherited)",
					"@executable_path/Frameworks",
				);
				MARKETING_VERSION = 1.0;
				PRODUCT_BUNDLE_IDENTIFIER = study.UsefulMap;
				PRODUCT_NAME = "$(TARGET_NAME)";
				SWIFT_EMIT_LOC_STRINGS = YES;
				SWIFT_VERSION = 5.0;
				TARGETED_DEVICE_FAMILY = "1,2";
			};
			name = Release;
		};
/* End XCBuildConfiguration section */

/* Begin XCConfigurationList section */
		6961FD51292A3B8300814BCA /* Build configuration list for PBXProject "UsefulMap" */ = {
			isa = XCConfigurationList;
			buildConfigurations = (
				6961FD62292A3B8500814BCA /* Debug */,
				6961FD63292A3B8500814BCA /* Release */,
			);
			defaultConfigurationIsVisible = 0;
			defaultConfigurationName = Release;
		};
		6961FD64292A3B8500814BCA /* Build configuration list for PBXNativeTarget "UsefulMap" */ = {
			isa = XCConfigurationList;
			buildConfigurations = (
				6961FD65292A3B8500814BCA /* Debug */,
				6961FD66292A3B8500814BCA /* Release */,
			);
			defaultConfigurationIsVisible = 0;
			defaultConfigurationName = Release;
		};
/* End XCConfigurationList section */
	};
	rootObject = 6961FD4E292A3B8300814BCA /* Project object */;
}
